
Microsoft Visual Studio Solution File, Format Version 12.00
# Visual Studio Version 17
VisualStudioVersion = 17.5.33627.172
MinimumVisualStudioVersion = 10.0.40219.1
Project("{FAE04EC0-301F-11D3-BF4B-00C04F79EFBC}") = "show-do-milhao", "show-do-milhao.csproj", "{FE19FE8C-E424-4548-BF69-14652F88DBCE}"
EndProject
Global
	GlobalSection(SolutionConfigurationPlatforms) = preSolution
		Debug|Any CPU = Debug|Any CPU
		Release|Any CPU = Release|Any CPU
	EndGlobalSection
	GlobalSection(ProjectConfigurationPlatforms) = postSolution
		{FE19FE8C-E424-4548-BF69-14652F88DBCE}.Debug|Any CPU.ActiveCfg = Debug|Any CPU
		{FE19FE8C-E424-4548-BF69-14652F88DBCE}.Debug|Any CPU.Build.0 = Debug|Any CPU
		{FE19FE8C-E424-4548-BF69-14652F88DBCE}.Release|Any CPU.ActiveCfg = Release|Any CPU
		{FE19FE8C-E424-4548-BF69-14652F88DBCE}.Release|Any CPU.Build.0 = Release|Any CPU
	EndGlobalSection
	GlobalSection(SolutionProperties) = preSolution
		HideSolutionNode = FALSE
	EndGlobalSection
	GlobalSection(ExtensibilityGlobals) = postSolution
		SolutionGuid = {A7AAADA4-ECF3-4525-B160-6796611A8997}
	EndGlobalSection
EndGlobal
